// !$*UTF8*$!
{
	archiveVersion = 1;
	classes = {
	};
	objectVersion = 55;
	objects = {

/* Begin PBXBuildFile section */
		33D6FDDAE668807609138301 /* Pods_MovieDBExpSwift.framework in Frameworks */ = {isa = PBXBuildFile; fileRef = EC4C0C76398E7D28464CE842 /* Pods_MovieDBExpSwift.framework */; };
		950E33F5280B600200EACBE9 /* MovieCell.swift in Sources */ = {isa = PBXBuildFile; fileRef = 950E33F4280B600200EACBE9 /* MovieCell.swift */; };
		950E33F7280B68D800EACBE9 /* WebService.swift in Sources */ = {isa = PBXBuildFile; fileRef = 950E33F6280B68D800EACBE9 /* WebService.swift */; };
		950E33F9280B6BE800EACBE9 /* MovieModel.swift in Sources */ = {isa = PBXBuildFile; fileRef = 950E33F8280B6BE800EACBE9 /* MovieModel.swift */; };
		9571FD0B280B53D9006BE966 /* AppDelegate.swift in Sources */ = {isa = PBXBuildFile; fileRef = 9571FD0A280B53D9006BE966 /* AppDelegate.swift */; };
		9571FD0D280B53D9006BE966 /* SceneDelegate.swift in Sources */ = {isa = PBXBuildFile; fileRef = 9571FD0C280B53D9006BE966 /* SceneDelegate.swift */; };
		9571FD0F280B53D9006BE966 /* MainVC.swift in Sources */ = {isa = PBXBuildFile; fileRef = 9571FD0E280B53D9006BE966 /* MainVC.swift */; };
		9571FD12280B53D9006BE966 /* Main.storyboard in Resources */ = {isa = PBXBuildFile; fileRef = 9571FD10280B53D9006BE966 /* Main.storyboard */; };
		9571FD14280B53DA006BE966 /* Assets.xcassets in Resources */ = {isa = PBXBuildFile; fileRef = 9571FD13280B53DA006BE966 /* Assets.xcassets */; };
		9571FD17280B53DA006BE966 /* LaunchScreen.storyboard in Resources */ = {isa = PBXBuildFile; fileRef = 9571FD15280B53DA006BE966 /* LaunchScreen.storyboard */; };
		95BF6D54280C6701003846CC /* MainVM.swift in Sources */ = {isa = PBXBuildFile; fileRef = 95BF6D53280C6701003846CC /* MainVM.swift */; };
		95BF6D56280C9CEF003846CC /* NowPlayinMovieVM.swift in Sources */ = {isa = PBXBuildFile; fileRef = 95BF6D55280C9CEF003846CC /* NowPlayinMovieVM.swift */; };
		95BF6D58280CBAD4003846CC /* DetailVC.swift in Sources */ = {isa = PBXBuildFile; fileRef = 95BF6D57280CBAD4003846CC /* DetailVC.swift */; };
/* End PBXBuildFile section */

/* Begin PBXFileReference section */
		0182E0704EEAC8378A6F1069 /* Pods-MovieDBExpSwift.release.xcconfig */ = {isa = PBXFileReference; includeInIndex = 1; lastKnownFileType = text.xcconfig; name = "Pods-MovieDBExpSwift.release.xcconfig"; path = "Target Support Files/Pods-MovieDBExpSwift/Pods-MovieDBExpSwift.release.xcconfig"; sourceTree = "<group>"; };
		06EE1BB76108D26DDAD950CA /* Pods-MovieDBExpSwift.debug.xcconfig */ = {isa = PBXFileReference; includeInIndex = 1; lastKnownFileType = text.xcconfig; name = "Pods-MovieDBExpSwift.debug.xcconfig"; path = "Target Support Files/Pods-MovieDBExpSwift/Pods-MovieDBExpSwift.debug.xcconfig"; sourceTree = "<group>"; };
		950E33F4280B600200EACBE9 /* MovieCell.swift */ = {isa = PBXFileReference; lastKnownFileType = sourcecode.swift; path = MovieCell.swift; sourceTree = "<group>"; };
		950E33F6280B68D800EACBE9 /* WebService.swift */ = {isa = PBXFileReference; lastKnownFileType = sourcecode.swift; path = WebService.swift; sourceTree = "<group>"; };
		950E33F8280B6BE800EACBE9 /* MovieModel.swift */ = {isa = PBXFileReference; lastKnownFileType = sourcecode.swift; path = MovieModel.swift; sourceTree = "<group>"; };
		9571FD07280B53D9006BE966 /* MovieDBExpSwift.app */ = {isa = PBXFileReference; explicitFileType = wrapper.application; includeInIndex = 0; path = MovieDBExpSwift.app; sourceTree = BUILT_PRODUCTS_DIR; };
		9571FD0A280B53D9006BE966 /* AppDelegate.swift */ = {isa = PBXFileReference; lastKnownFileType = sourcecode.swift; path = AppDelegate.swift; sourceTree = "<group>"; };
		9571FD0C280B53D9006BE966 /* SceneDelegate.swift */ = {isa = PBXFileReference; lastKnownFileType = sourcecode.swift; path = SceneDelegate.swift; sourceTree = "<group>"; };
		9571FD0E280B53D9006BE966 /* MainVC.swift */ = {isa = PBXFileReference; lastKnownFileType = sourcecode.swift; path = MainVC.swift; sourceTree = "<group>"; };
		9571FD11280B53D9006BE966 /* Base */ = {isa = PBXFileReference; lastKnownFileType = file.storyboard; name = Base; path = Base.lproj/Main.storyboard; sourceTree = "<group>"; };
		9571FD13280B53DA006BE966 /* Assets.xcassets */ = {isa = PBXFileReference; lastKnownFileType = folder.assetcatalog; path = Assets.xcassets; sourceTree = "<group>"; };
		9571FD16280B53DA006BE966 /* Base */ = {isa = PBXFileReference; lastKnownFileType = file.storyboard; name = Base; path = Base.lproj/LaunchScreen.storyboard; sourceTree = "<group>"; };
		9571FD18280B53DA006BE966 /* Info.plist */ = {isa = PBXFileReference; lastKnownFileType = text.plist.xml; path = Info.plist; sourceTree = "<group>"; };
		95BF6D53280C6701003846CC /* MainVM.swift */ = {isa = PBXFileReference; lastKnownFileType = sourcecode.swift; name = MainVM.swift; path = MovieDBExpSwift/Model/MainVM.swift; sourceTree = SOURCE_ROOT; };
		95BF6D55280C9CEF003846CC /* NowPlayinMovieVM.swift */ = {isa = PBXFileReference; lastKnownFileType = sourcecode.swift; name = NowPlayinMovieVM.swift; path = MovieDBExpSwift/Model/NowPlayinMovieVM.swift; sourceTree = SOURCE_ROOT; };
		95BF6D57280CBAD4003846CC /* DetailVC.swift */ = {isa = PBXFileReference; lastKnownFileType = sourcecode.swift; path = DetailVC.swift; sourceTree = "<group>"; };
		EC4C0C76398E7D28464CE842 /* Pods_MovieDBExpSwift.framework */ = {isa = PBXFileReference; explicitFileType = wrapper.framework; includeInIndex = 0; path = Pods_MovieDBExpSwift.framework; sourceTree = BUILT_PRODUCTS_DIR; };
/* End PBXFileReference section */

/* Begin PBXFrameworksBuildPhase section */
		9571FD04280B53D9006BE966 /* Frameworks */ = {
			isa = PBXFrameworksBuildPhase;
			buildActionMask = 2147483647;
			files = (
				33D6FDDAE668807609138301 /* Pods_MovieDBExpSwift.framework in Frameworks */,
			);
			runOnlyForDeploymentPostprocessing = 0;
		};
/* End PBXFrameworksBuildPhase section */

/* Begin PBXGroup section */
		950E33F0280B559000EACBE9 /* View */ = {
			isa = PBXGroup;
			children = (
				9571FD0E280B53D9006BE966 /* MainVC.swift */,
				950E33F4280B600200EACBE9 /* MovieCell.swift */,
				95BF6D57280CBAD4003846CC /* DetailVC.swift */,
			);
			path = View;
			sourceTree = "<group>";
		};
		950E33F1280B559600EACBE9 /* ViewModel */ = {
			isa = PBXGroup;
			children = (
				95BF6D53280C6701003846CC /* MainVM.swift */,
				95BF6D55280C9CEF003846CC /* NowPlayinMovieVM.swift */,
			);
			path = ViewModel;
			sourceTree = "<group>";
		};
		950E33F2280B559F00EACBE9 /* Model */ = {
			isa = PBXGroup;
			children = (
				950E33F8280B6BE800EACBE9 /* MovieModel.swift */,
			);
			path = Model;
			sourceTree = "<group>";
		};
		950E33F3280B55A400EACBE9 /* Service */ = {
			isa = PBXGroup;
			children = (
				950E33F6280B68D800EACBE9 /* WebService.swift */,
			);
			path = Service;
			sourceTree = "<group>";
		};
		9571FCFE280B53D9006BE966 = {
			isa = PBXGroup;
			children = (
				9571FD09280B53D9006BE966 /* MovieDBExpSwift */,
				9571FD08280B53D9006BE966 /* Products */,
				B6C9C086CC4EFA950CEDFEB9 /* Pods */,
				D042C432B6769468FFF45913 /* Frameworks */,
			);
			sourceTree = "<group>";
		};
		9571FD08280B53D9006BE966 /* Products */ = {
			isa = PBXGroup;
			children = (
				9571FD07280B53D9006BE966 /* MovieDBExpSwift.app */,
			);
			name = Products;
			sourceTree = "<group>";
		};
		9571FD09280B53D9006BE966 /* MovieDBExpSwift */ = {
			isa = PBXGroup;
			children = (
				950E33F3280B55A400EACBE9 /* Service */,
				950E33F2280B559F00EACBE9 /* Model */,
				950E33F1280B559600EACBE9 /* ViewModel */,
				950E33F0280B559000EACBE9 /* View */,
				9571FD0A280B53D9006BE966 /* AppDelegate.swift */,
				9571FD0C280B53D9006BE966 /* SceneDelegate.swift */,
				9571FD10280B53D9006BE966 /* Main.storyboard */,
				9571FD13280B53DA006BE966 /* Assets.xcassets */,
				9571FD15280B53DA006BE966 /* LaunchScreen.storyboard */,
				9571FD18280B53DA006BE966 /* Info.plist */,
			);
			path = MovieDBExpSwift;
			sourceTree = "<group>";
		};
		B6C9C086CC4EFA950CEDFEB9 /* Pods */ = {
			isa = PBXGroup;
			children = (
				06EE1BB76108D26DDAD950CA /* Pods-MovieDBExpSwift.debug.xcconfig */,
				0182E0704EEAC8378A6F1069 /* Pods-MovieDBExpSwift.release.xcconfig */,
			);
			path = Pods;
			sourceTree = "<group>";
		};
		D042C432B6769468FFF45913 /* Frameworks */ = {
			isa = PBXGroup;
			children = (
				EC4C0C76398E7D28464CE842 /* Pods_MovieDBExpSwift.framework */,
			);
			name = Frameworks;
			sourceTree = "<group>";
		};
/* End PBXGroup section */

/* Begin PBXNativeTarget section */
		9571FD06280B53D9006BE966 /* MovieDBExpSwift */ = {
			isa = PBXNativeTarget;
			buildConfigurationList = 9571FD1B280B53DA006BE966 /* Build configuration list for PBXNativeTarget "MovieDBExpSwift" */;
			buildPhases = (
				4AB319BC994B5ABE03E2EF5B /* [CP] Check Pods Manifest.lock */,
				9571FD03280B53D9006BE966 /* Sources */,
				9571FD04280B53D9006BE966 /* Frameworks */,
				9571FD05280B53D9006BE966 /* Resources */,
				4ADE998FDD54E7E281492F47 /* [CP] Embed Pods Frameworks */,
			);
			buildRules = (
			);
			dependencies = (
			);
			name = MovieDBExpSwift;
			productName = MovieDBExpSwift;
			productReference = 9571FD07280B53D9006BE966 /* MovieDBExpSwift.app */;
			productType = "com.apple.product-type.application";
		};
/* End PBXNativeTarget section */

/* Begin PBXProject section */
		9571FCFF280B53D9006BE966 /* Project object */ = {
			isa = PBXProject;
			attributes = {
				BuildIndependentTargetsInParallel = 1;
				LastSwiftUpdateCheck = 1330;
				LastUpgradeCheck = 1330;
				TargetAttributes = {
					9571FD06280B53D9006BE966 = {
						CreatedOnToolsVersion = 13.3.1;
					};
				};
			};
			buildConfigurationList = 9571FD02280B53D9006BE966 /* Build configuration list for PBXProject "MovieDBExpSwift" */;
			compatibilityVersion = "Xcode 13.0";
			developmentRegion = en;
			hasScannedForEncodings = 0;
			knownRegions = (
				en,
				Base,
			);
			mainGroup = 9571FCFE280B53D9006BE966;
			productRefGroup = 9571FD08280B53D9006BE966 /* Products */;
			projectDirPath = "";
			projectRoot = "";
			targets = (
				9571FD06280B53D9006BE966 /* MovieDBExpSwift */,
			);
		};
/* End PBXProject section */

/* Begin PBXResourcesBuildPhase section */
		9571FD05280B53D9006BE966 /* Resources */ = {
			isa = PBXResourcesBuildPhase;
			buildActionMask = 2147483647;
			files = (
				9571FD17280B53DA006BE966 /* LaunchScreen.storyboard in Resources */,
				9571FD14280B53DA006BE966 /* Assets.xcassets in Resources */,
				9571FD12280B53D9006BE966 /* Main.storyboard in Resources */,
			);
			runOnlyForDeploymentPostprocessing = 0;
		};
/* End PBXResourcesBuildPhase section */

/* Begin PBXShellScriptBuildPhase section */
		4AB319BC994B5ABE03E2EF5B /* [CP] Check Pods Manifest.lock */ = {
			isa = PBXShellScriptBuildPhase;
			buildActionMask = 2147483647;
			files = (
			);
			inputFileListPaths = (
			);
			inputPaths = (
				"${PODS_PODFILE_DIR_PATH}/Podfile.lock",
				"${PODS_ROOT}/Manifest.lock",
			);
			name = "[CP] Check Pods Manifest.lock";
			outputFileListPaths = (
			);
			outputPaths = (
				"$(DERIVED_FILE_DIR)/Pods-MovieDBExpSwift-checkManifestLockResult.txt",
			);
			runOnlyForDeploymentPostprocessing = 0;
			shellPath = /bin/sh;
			shellScript = "diff \"${PODS_PODFILE_DIR_PATH}/Podfile.lock\" \"${PODS_ROOT}/Manifest.lock\" > /dev/null\nif [ $? != 0 ] ; then\n    # print error to STDERR\n    echo \"error: The sandbox is not in sync with the Podfile.lock. Run 'pod install' or update your CocoaPods installation.\" >&2\n    exit 1\nfi\n# This output is used by Xcode 'outputs' to avoid re-running this script phase.\necho \"SUCCESS\" > \"${SCRIPT_OUTPUT_FILE_0}\"\n";
			showEnvVarsInLog = 0;
		};
		4ADE998FDD54E7E281492F47 /* [CP] Embed Pods Frameworks */ = {
			isa = PBXShellScriptBuildPhase;
			buildActionMask = 2147483647;
			files = (
			);
			inputFileListPaths = (
				"${PODS_ROOT}/Target Support Files/Pods-MovieDBExpSwift/Pods-MovieDBExpSwift-frameworks-${CONFIGURATION}-input-files.xcfilelist",
			);
			name = "[CP] Embed Pods Frameworks";
			outputFileListPaths = (
				"${PODS_ROOT}/Target Support Files/Pods-MovieDBExpSwift/Pods-MovieDBExpSwift-frameworks-${CONFIGURATION}-output-files.xcfilelist",
			);
			runOnlyForDeploymentPostprocessing = 0;
			shellPath = /bin/sh;
			shellScript = "\"${PODS_ROOT}/Target Support Files/Pods-MovieDBExpSwift/Pods-MovieDBExpSwift-frameworks.sh\"\n";
			showEnvVarsInLog = 0;
		};
/* End PBXShellScriptBuildPhase section */

/* Begin PBXSourcesBuildPhase section */
		9571FD03280B53D9006BE966 /* Sources */ = {
			isa = PBXSourcesBuildPhase;
			buildActionMask = 2147483647;
			files = (
				95BF6D54280C6701003846CC /* MainVM.swift in Sources */,
				9571FD0F280B53D9006BE966 /* MainVC.swift in Sources */,
				950E33F9280B6BE800EACBE9 /* MovieModel.swift in Sources */,
				9571FD0B280B53D9006BE966 /* AppDelegate.swift in Sources */,
				950E33F5280B600200EACBE9 /* MovieCell.swift in Sources */,
				95BF6D58280CBAD4003846CC /* DetailVC.swift in Sources */,
				950E33F7280B68D800EACBE9 /* WebService.swift in Sources */,
				95BF6D56280C9CEF003846CC /* NowPlayinMovieVM.swift in Sources */,
				9571FD0D280B53D9006BE966 /* SceneDelegate.swift in Sources */,
			);
			runOnlyForDeploymentPostprocessing = 0;
		};
/* End PBXSourcesBuildPhase section */

/* Begin PBXVariantGroup section */
		9571FD10280B53D9006BE966 /* Main.storyboard */ = {
			isa = PBXVariantGroup;
			children = (
				9571FD11280B53D9006BE966 /* Base */,
			);
			name = Main.storyboard;
			sourceTree = "<group>";
		};
		9571FD15280B53DA006BE966 /* LaunchScreen.storyboard */ = {
			isa = PBXVariantGroup;
			children = (
				9571FD16280B53DA006BE966 /* Base */,
			);
			name = LaunchScreen.storyboard;
			sourceTree = "<group>";
		};
/* End PBXVariantGroup section */

/* Begin XCBuildConfiguration section */
		9571FD19280B53DA006BE966 /* Debug */ = {
			isa = XCBuildConfiguration;
			buildSettings = {
				ALWAYS_SEARCH_USER_PATHS = NO;
				CLANG_ANALYZER_NONNULL = YES;
				CLANG_ANALYZER_NUMBER_OBJECT_CONVERSION = YES_AGGRESSIVE;
				CLANG_CXX_LANGUAGE_STANDARD = "gnu++17";
				CLANG_ENABLE_MODULES = YES;
				CLANG_ENABLE_OBJC_ARC = YES;
				CLANG_ENABLE_OBJC_WEAK = YES;
				CLANG_WARN_BLOCK_CAPTURE_AUTORELEASING = YES;
				CLANG_WARN_BOOL_CONVERSION = YES;
				CLANG_WARN_COMMA = YES;
				CLANG_WARN_CONSTANT_CONVERSION = YES;
				CLANG_WARN_DEPRECATED_OBJC_IMPLEMENTATIONS = YES;
				CLANG_WARN_DIRECT_OBJC_ISA_USAGE = YES_ERROR;
				CLANG_WARN_DOCUMENTATION_COMMENTS = YES;
				CLANG_WARN_EMPTY_BODY = YES;
				CLANG_WARN_ENUM_CONVERSION = YES;
				CLANG_WARN_INFINITE_RECURSION = YES;
				CLANG_WARN_INT_CONVERSION = YES;
				CLANG_WARN_NON_LITERAL_NULL_CONVERSION = YES;
				CLANG_WARN_OBJC_IMPLICIT_RETAIN_SELF = YES;
				CLANG_WARN_OBJC_LITERAL_CONVERSION = YES;
				CLANG_WARN_OBJC_ROOT_CLASS = YES_ERROR;
				CLANG_WARN_QUOTED_INCLUDE_IN_FRAMEWORK_HEADER = YES;
				CLANG_WARN_RANGE_LOOP_ANALYSIS = YES;
				CLANG_WARN_STRICT_PROTOTYPES = YES;
				CLANG_WARN_SUSPICIOUS_MOVE = YES;
				CLANG_WARN_UNGUARDED_AVAILABILITY = YES_AGGRESSIVE;
				CLANG_WARN_UNREACHABLE_CODE = YES;
				CLANG_WARN__DUPLICATE_METHOD_MATCH = YES;
				COPY_PHASE_STRIP = NO;
				DEBUG_INFORMATION_FORMAT = dwarf;
				ENABLE_STRICT_OBJC_MSGSEND = YES;
				ENABLE_TESTABILITY = YES;
				GCC_C_LANGUAGE_STANDARD = gnu11;
				GCC_DYNAMIC_NO_PIC = NO;
				GCC_NO_COMMON_BLOCKS = YES;
				GCC_OPTIMIZATION_LEVEL = 0;
				GCC_PREPROCESSOR_DEFINITIONS = (
					"DEBUG=1",
					"$(inherited)",
				);
				GCC_WARN_64_TO_32_BIT_CONVERSION = YES;
				GCC_WARN_ABOUT_RETURN_TYPE = YES_ERROR;
				GCC_WARN_UNDECLARED_SELECTOR = YES;
				GCC_WARN_UNINITIALIZED_AUTOS = YES_AGGRESSIVE;
				GCC_WARN_UNUSED_FUNCTION = YES;
				GCC_WARN_UNUSED_VARIABLE = YES;
				IPHONEOS_DEPLOYMENT_TARGET = 15.4;
				MTL_ENABLE_DEBUG_INFO = INCLUDE_SOURCE;
				MTL_FAST_MATH = YES;
				ONLY_ACTIVE_ARCH = YES;
				SDKROOT = iphoneos;
				SWIFT_ACTIVE_COMPILATION_CONDITIONS = DEBUG;
				SWIFT_OPTIMIZATION_LEVEL = "-Onone";
			};
			name = Debug;
		};
		9571FD1A280B53DA006BE966 /* Release */ = {
			isa = XCBuildConfiguration;
			buildSettings = {
				ALWAYS_SEARCH_USER_PATHS = NO;
				CLANG_ANALYZER_NONNULL = YES;
				CLANG_ANALYZER_NUMBER_OBJECT_CONVERSION = YES_AGGRESSIVE;
				CLANG_CXX_LANGUAGE_STANDARD = "gnu++17";
				CLANG_ENABLE_MODULES = YES;
				CLANG_ENABLE_OBJC_ARC = YES;
				CLANG_ENABLE_OBJC_WEAK = YES;
				CLANG_WARN_BLOCK_CAPTURE_AUTORELEASING = YES;
				CLANG_WARN_BOOL_CONVERSION = YES;
				CLANG_WARN_COMMA = YES;
				CLANG_WARN_CONSTANT_CONVERSION = YES;
				CLANG_WARN_DEPRECATED_OBJC_IMPLEMENTATIONS = YES;
				CLANG_WARN_DIRECT_OBJC_ISA_USAGE = YES_ERROR;
				CLANG_WARN_DOCUMENTATION_COMMENTS = YES;
				CLANG_WARN_EMPTY_BODY = YES;
				CLANG_WARN_ENUM_CONVERSION = YES;
				CLANG_WARN_INFINITE_RECURSION = YES;
				CLANG_WARN_INT_CONVERSION = YES;
				CLANG_WARN_NON_LITERAL_NULL_CONVERSION = YES;
				CLANG_WARN_OBJC_IMPLICIT_RETAIN_SELF = YES;
				CLANG_WARN_OBJC_LITERAL_CONVERSION = YES;
				CLANG_WARN_OBJC_ROOT_CLASS = YES_ERROR;
				CLANG_WARN_QUOTED_INCLUDE_IN_FRAMEWORK_HEADER = YES;
				CLANG_WARN_RANGE_LOOP_ANALYSIS = YES;
				CLANG_WARN_STRICT_PROTOTYPES = YES;
				CLANG_WARN_SUSPICIOUS_MOVE = YES;
				CLANG_WARN_UNGUARDED_AVAILABILITY = YES_AGGRESSIVE;
				CLANG_WARN_UNREACHABLE_CODE = YES;
				CLANG_WARN__DUPLICATE_METHOD_MATCH = YES;
				COPY_PHASE_STRIP = NO;
				DEBUG_INFORMATION_FORMAT = "dwarf-with-dsym";
				ENABLE_NS_ASSERTIONS = NO;
				ENABLE_STRICT_OBJC_MSGSEND = YES;
				GCC_C_LANGUAGE_STANDARD = gnu11;
				GCC_NO_COMMON_BLOCKS = YES;
				GCC_WARN_64_TO_32_BIT_CONVERSION = YES;
				GCC_WARN_ABOUT_RETURN_TYPE = YES_ERROR;
				GCC_WARN_UNDECLARED_SELECTOR = YES;
				GCC_WARN_UNINITIALIZED_AUTOS = YES_AGGRESSIVE;
				GCC_WARN_UNUSED_FUNCTION = YES;
				GCC_WARN_UNUSED_VARIABLE = YES;
				IPHONEOS_DEPLOYMENT_TARGET = 15.4;
				MTL_ENABLE_DEBUG_INFO = NO;
				MTL_FAST_MATH = YES;
				SDKROOT = iphoneos;
				SWIFT_COMPILATION_MODE = wholemodule;
				SWIFT_OPTIMIZATION_LEVEL = "-O";
				VALIDATE_PRODUCT = YES;
			};
			name = Release;
		};
		9571FD1C280B53DA006BE966 /* Debug */ = {
			isa = XCBuildConfiguration;
			baseConfigurationReference = 06EE1BB76108D26DDAD950CA /* Pods-MovieDBExpSwift.debug.xcconfig */;
			buildSettings = {
				ASSETCATALOG_COMPILER_APPICON_NAME = AppIcon;
				ASSETCATALOG_COMPILER_GLOBAL_ACCENT_COLOR_NAME = AccentColor;
				CODE_SIGN_STYLE = Automatic;
				CURRENT_PROJECT_VERSION = 1;
				DEVELOPMENT_TEAM = 2DMLSZYJH6;
				GENERATE_INFOPLIST_FILE = YES;
				INFOPLIST_FILE = MovieDBExpSwift/Info.plist;
				INFOPLIST_KEY_UIApplicationSupportsIndirectInputEvents = YES;
				INFOPLIST_KEY_UILaunchStoryboardName = LaunchScreen;
				INFOPLIST_KEY_UIMainStoryboardFile = Main;
				INFOPLIST_KEY_UISupportedInterfaceOrientations_iPad = "UIInterfaceOrientationPortrait UIInterfaceOrientationPortraitUpsideDown UIInterfaceOrientationLandscapeLeft UIInterfaceOrientationLandscapeRight";
				INFOPLIST_KEY_UISupportedInterfaceOrientations_iPhone = "UIInterfaceOrientationPortrait UIInterfaceOrientationLandscapeLeft UIInterfaceOrientationLandscapeRight";
				LD_RUNPATH_SEARCH_PATHS = (
					"$(inherited)",
					"@executable_path/Frameworks",
				);
				MARKETING_VERSION = 1.0;
				PRODUCT_BUNDLE_IDENTIFIER = com.SemihKalayci.MovieDBExpSwift;
				PRODUCT_NAME = "$(TARGET_NAME)";
				SWIFT_EMIT_LOC_STRINGS = YES;
				SWIFT_VERSION = 5.0;
				TARGETED_DEVICE_FAMILY = "1,2";
			};
			name = Debug;
		};
		9571FD1D280B53DA006BE966 /* Release */ = {
			isa = XCBuildConfiguration;
			baseConfigurationReference = 0182E0704EEAC8378A6F1069 /* Pods-MovieDBExpSwift.release.xcconfig */;
			buildSettings = {
				ASSETCATALOG_COMPILER_APPICON_NAME = AppIcon;
				ASSETCATALOG_COMPILER_GLOBAL_ACCENT_COLOR_NAME = AccentColor;
				CODE_SIGN_STYLE = Automatic;
				CURRENT_PROJECT_VERSION = 1;
				DEVELOPMENT_TEAM = 2DMLSZYJH6;
				GENERATE_INFOPLIST_FILE = YES;
				INFOPLIST_FILE = MovieDBExpSwift/Info.plist;
				INFOPLIST_KEY_UIApplicationSupportsIndirectInputEvents = YES;
				INFOPLIST_KEY_UILaunchStoryboardName = LaunchScreen;
				INFOPLIST_KEY_UIMainStoryboardFile = Main;
				INFOPLIST_KEY_UISupportedInterfaceOrientations_iPad = "UIInterfaceOrientationPortrait UIInterfaceOrientationPortraitUpsideDown UIInterfaceOrientationLandscapeLeft UIInterfaceOrientationLandscapeRight";
				INFOPLIST_KEY_UISupportedInterfaceOrientations_iPhone = "UIInterfaceOrientationPortrait UIInterfaceOrientationLandscapeLeft UIInterfaceOrientationLandscapeRight";
				LD_RUNPATH_SEARCH_PATHS = (
					"$(inherited)",
					"@executable_path/Frameworks",
				);
				MARKETING_VERSION = 1.0;
				PRODUCT_BUNDLE_IDENTIFIER = com.SemihKalayci.MovieDBExpSwift;
				PRODUCT_NAME = "$(TARGET_NAME)";
				SWIFT_EMIT_LOC_STRINGS = YES;
				SWIFT_VERSION = 5.0;
				TARGETED_DEVICE_FAMILY = "1,2";
			};
			name = Release;
		};
/* End XCBuildConfiguration section */

/* Begin XCConfigurationList section */
		9571FD02280B53D9006BE966 /* Build configuration list for PBXProject "MovieDBExpSwift" */ = {
			isa = XCConfigurationList;
			buildConfigurations = (
				9571FD19280B53DA006BE966 /* Debug */,
				9571FD1A280B53DA006BE966 /* Release */,
			);
			defaultConfigurationIsVisible = 0;
			defaultConfigurationName = Release;
		};
		9571FD1B280B53DA006BE966 /* Build configuration list for PBXNativeTarget "MovieDBExpSwift" */ = {
			isa = XCConfigurationList;
			buildConfigurations = (
				9571FD1C280B53DA006BE966 /* Debug */,
				9571FD1D280B53DA006BE966 /* Release */,
			);
			defaultConfigurationIsVisible = 0;
			defaultConfigurationName = Release;
		};
/* End XCConfigurationList section */
	};
	rootObject = 9571FCFF280B53D9006BE966 /* Project object */;
}
